
Microsoft Visual Studio Solution File, Format Version 12.00
# Visual Studio Version 17
VisualStudioVersion = 17.3.32825.248
MinimumVisualStudioVersion = 10.0.40219.1
Project("{FAE04EC0-301F-11D3-BF4B-00C04F79EFBC}") = "z1", "Exercise 14 (Day15)\z1.csproj", "{9F87127B-02D1-4D91-BA8D-6A58B7EEC4A1}"
EndProject
Project("{FAE04EC0-301F-11D3-BF4B-00C04F79EFBC}") = "z2", "z2\z2.csproj", "{864A7B46-1EA7-4333-BECB-78007F128494}"
EndProject
Project("{FAE04EC0-301F-11D3-BF4B-00C04F79EFBC}") = "z3", "z3\z3.csproj", "{1FFF2BD4-3286-4A8E-A637-10038269EE25}"
EndProject
Global
	GlobalSection(SolutionConfigurationPlatforms) = preSolution
		Debug|Any CPU = Debug|Any CPU
		Release|Any CPU = Release|Any CPU
	EndGlobalSection
	GlobalSection(ProjectConfigurationPlatforms) = postSolution
		{9F87127B-02D1-4D91-BA8D-6A58B7EEC4A1}.Debug|Any CPU.ActiveCfg = Debug|Any CPU
		{9F87127B-02D1-4D91-BA8D-6A58B7EEC4A1}.Debug|Any CPU.Build.0 = Debug|Any CPU
		{9F87127B-02D1-4D91-BA8D-6A58B7EEC4A1}.Release|Any CPU.ActiveCfg = Release|Any CPU
		{9F87127B-02D1-4D91-BA8D-6A58B7EEC4A1}.Release|Any CPU.Build.0 = Release|Any CPU
		{864A7B46-1EA7-4333-BECB-78007F128494}.Debug|Any CPU.ActiveCfg = Debug|Any CPU
		{864A7B46-1EA7-4333-BECB-78007F128494}.Debug|Any CPU.Build.0 = Debug|Any CPU
		{864A7B46-1EA7-4333-BECB-78007F128494}.Release|Any CPU.ActiveCfg = Release|Any CPU
		{864A7B46-1EA7-4333-BECB-78007F128494}.Release|Any CPU.Build.0 = Release|Any CPU
		{1FFF2BD4-3286-4A8E-A637-10038269EE25}.Debug|Any CPU.ActiveCfg = Debug|Any CPU
		{1FFF2BD4-3286-4A8E-A637-10038269EE25}.Debug|Any CPU.Build.0 = Debug|Any CPU
		{1FFF2BD4-3286-4A8E-A637-10038269EE25}.Release|Any CPU.ActiveCfg = Release|Any CPU
		{1FFF2BD4-3286-4A8E-A637-10038269EE25}.Release|Any CPU.Build.0 = Release|Any CPU
	EndGlobalSection
	GlobalSection(SolutionProperties) = preSolution
		HideSolutionNode = FALSE
	EndGlobalSection
	GlobalSection(ExtensibilityGlobals) = postSolution
		SolutionGuid = {EC3F5317-BB0E-4016-AF12-44B00CB25159}
	EndGlobalSection
EndGlobal
